
Microsoft Visual Studio Solution File, Format Version 12.00
# Visual Studio Version 17
VisualStudioVersion = 17.0.31903.59
MinimumVisualStudioVersion = 10.0.40219.1
Project("{FAE04EC0-301F-11D3-BF4B-00C04F79EFBC}") = "BugenceEditConsole", "BugenceEditConsole\BugenceEditConsole.csproj", "{556E9755-2389-42AA-A2C8-9D55871C6E90}"
EndProject
Project("{FAE04EC0-301F-11D3-BF4B-00C04F79EFBC}") = "BugenceEditConsole.Tests", "BugenceEditConsole.Tests\BugenceEditConsole.Tests.csproj", "{B7E32DAE-7E43-419C-9D34-94EBC21671D7}"
EndProject
Global
	GlobalSection(SolutionConfigurationPlatforms) = preSolution
		Debug|Any CPU = Debug|Any CPU
		Debug|x64 = Debug|x64
		Debug|x86 = Debug|x86
		Release|Any CPU = Release|Any CPU
		Release|x64 = Release|x64
		Release|x86 = Release|x86
	EndGlobalSection
	GlobalSection(ProjectConfigurationPlatforms) = postSolution
		{556E9755-2389-42AA-A2C8-9D55871C6E90}.Debug|Any CPU.ActiveCfg = Debug|Any CPU
		{556E9755-2389-42AA-A2C8-9D55871C6E90}.Debug|Any CPU.Build.0 = Debug|Any CPU
		{556E9755-2389-42AA-A2C8-9D55871C6E90}.Debug|x64.ActiveCfg = Debug|Any CPU
		{556E9755-2389-42AA-A2C8-9D55871C6E90}.Debug|x64.Build.0 = Debug|Any CPU
		{556E9755-2389-42AA-A2C8-9D55871C6E90}.Debug|x86.ActiveCfg = Debug|Any CPU
		{556E9755-2389-42AA-A2C8-9D55871C6E90}.Debug|x86.Build.0 = Debug|Any CPU
		{556E9755-2389-42AA-A2C8-9D55871C6E90}.Release|Any CPU.ActiveCfg = Release|Any CPU
		{556E9755-2389-42AA-A2C8-9D55871C6E90}.Release|Any CPU.Build.0 = Release|Any CPU
		{556E9755-2389-42AA-A2C8-9D55871C6E90}.Release|x64.ActiveCfg = Release|Any CPU
		{556E9755-2389-42AA-A2C8-9D55871C6E90}.Release|x64.Build.0 = Release|Any CPU
		{556E9755-2389-42AA-A2C8-9D55871C6E90}.Release|x86.ActiveCfg = Release|Any CPU
		{556E9755-2389-42AA-A2C8-9D55871C6E90}.Release|x86.Build.0 = Release|Any CPU
		{B7E32DAE-7E43-419C-9D34-94EBC21671D7}.Debug|Any CPU.ActiveCfg = Debug|Any CPU
		{B7E32DAE-7E43-419C-9D34-94EBC21671D7}.Debug|Any CPU.Build.0 = Debug|Any CPU
		{B7E32DAE-7E43-419C-9D34-94EBC21671D7}.Debug|x64.ActiveCfg = Debug|Any CPU
		{B7E32DAE-7E43-419C-9D34-94EBC21671D7}.Debug|x64.Build.0 = Debug|Any CPU
		{B7E32DAE-7E43-419C-9D34-94EBC21671D7}.Debug|x86.ActiveCfg = Debug|Any CPU
		{B7E32DAE-7E43-419C-9D34-94EBC21671D7}.Debug|x86.Build.0 = Debug|Any CPU
		{B7E32DAE-7E43-419C-9D34-94EBC21671D7}.Release|Any CPU.ActiveCfg = Release|Any CPU
		{B7E32DAE-7E43-419C-9D34-94EBC21671D7}.Release|Any CPU.Build.0 = Release|Any CPU
		{B7E32DAE-7E43-419C-9D34-94EBC21671D7}.Release|x64.ActiveCfg = Release|Any CPU
		{B7E32DAE-7E43-419C-9D34-94EBC21671D7}.Release|x64.Build.0 = Release|Any CPU
		{B7E32DAE-7E43-419C-9D34-94EBC21671D7}.Release|x86.ActiveCfg = Release|Any CPU
		{B7E32DAE-7E43-419C-9D34-94EBC21671D7}.Release|x86.Build.0 = Release|Any CPU
	EndGlobalSection
	GlobalSection(SolutionProperties) = preSolution
		HideSolutionNode = FALSE
	EndGlobalSection
EndGlobal
